
Microsoft Visual Studio Solution File, Format Version 12.00
# Visual Studio Version 17
VisualStudioVersion = 17.8.34205.153
MinimumVisualStudioVersion = 10.0.40219.1
Project("{9A19103F-16F7-4668-BE54-9A1E7A4F7556}") = "Maui.MvvmZero", "Maui.MvvmZero\Maui.MvvmZero.csproj", "{4F440D67-1B86-407E-BD9F-BFAB829F162A}"
EndProject
Project("{9A19103F-16F7-4668-BE54-9A1E7A4F7556}") = "SampleTabbedApp", "SampleTabbedApp\SampleTabbedApp.csproj", "{25F3ED37-7F97-4A80-917F-A5F6C62364A4}"
EndProject
Project("{9A19103F-16F7-4668-BE54-9A1E7A4F7556}") = "SampleFlyoutApp", "SampleFlyoutApp\SampleFlyoutApp.csproj", "{046343EC-324D-4372-8C8C-28B3B6BF28E4}"
EndProject
Project("{9A19103F-16F7-4668-BE54-9A1E7A4F7556}") = "SampleApp", "SampleApp\SampleApp.csproj", "{4A36C9F1-7B56-470E-89E5-4AAB2B6ADE9E}"
EndProject
Project("{2150E333-8FDC-42A3-9474-1A3956D46DE8}") = "Docs", "Docs", "{E450E1B2-A69F-4EFF-AD52-7FC5D5765719}"
	ProjectSection(SolutionItems) = preProject
		LICENSE.txt = LICENSE.txt
		README.md = README.md
		Readme.Nuget.md = Readme.Nuget.md
	EndProjectSection
EndProject
Project("{FAE04EC0-301F-11D3-BF4B-00C04F79EFBC}") = "AnimationZero", "AnimationZero\AnimationZero.csproj", "{B382C4DD-5F1A-49D5-8F39-8995B7D07520}"
EndProject
Global
	GlobalSection(SolutionConfigurationPlatforms) = preSolution
		Debug|Any CPU = Debug|Any CPU
		Release|Any CPU = Release|Any CPU
	EndGlobalSection
	GlobalSection(ProjectConfigurationPlatforms) = postSolution
		{4F440D67-1B86-407E-BD9F-BFAB829F162A}.Debug|Any CPU.ActiveCfg = Debug|Any CPU
		{4F440D67-1B86-407E-BD9F-BFAB829F162A}.Debug|Any CPU.Build.0 = Debug|Any CPU
		{4F440D67-1B86-407E-BD9F-BFAB829F162A}.Release|Any CPU.ActiveCfg = Release|Any CPU
		{4F440D67-1B86-407E-BD9F-BFAB829F162A}.Release|Any CPU.Build.0 = Release|Any CPU
		{25F3ED37-7F97-4A80-917F-A5F6C62364A4}.Debug|Any CPU.ActiveCfg = Debug|Any CPU
		{25F3ED37-7F97-4A80-917F-A5F6C62364A4}.Debug|Any CPU.Build.0 = Debug|Any CPU
		{25F3ED37-7F97-4A80-917F-A5F6C62364A4}.Debug|Any CPU.Deploy.0 = Debug|Any CPU
		{25F3ED37-7F97-4A80-917F-A5F6C62364A4}.Release|Any CPU.ActiveCfg = Release|Any CPU
		{25F3ED37-7F97-4A80-917F-A5F6C62364A4}.Release|Any CPU.Build.0 = Release|Any CPU
		{25F3ED37-7F97-4A80-917F-A5F6C62364A4}.Release|Any CPU.Deploy.0 = Release|Any CPU
		{046343EC-324D-4372-8C8C-28B3B6BF28E4}.Debug|Any CPU.ActiveCfg = Debug|Any CPU
		{046343EC-324D-4372-8C8C-28B3B6BF28E4}.Debug|Any CPU.Build.0 = Debug|Any CPU
		{046343EC-324D-4372-8C8C-28B3B6BF28E4}.Debug|Any CPU.Deploy.0 = Debug|Any CPU
		{046343EC-324D-4372-8C8C-28B3B6BF28E4}.Release|Any CPU.ActiveCfg = Release|Any CPU
		{046343EC-324D-4372-8C8C-28B3B6BF28E4}.Release|Any CPU.Build.0 = Release|Any CPU
		{046343EC-324D-4372-8C8C-28B3B6BF28E4}.Release|Any CPU.Deploy.0 = Release|Any CPU
		{4A36C9F1-7B56-470E-89E5-4AAB2B6ADE9E}.Debug|Any CPU.ActiveCfg = Debug|Any CPU
		{4A36C9F1-7B56-470E-89E5-4AAB2B6ADE9E}.Debug|Any CPU.Build.0 = Debug|Any CPU
		{4A36C9F1-7B56-470E-89E5-4AAB2B6ADE9E}.Debug|Any CPU.Deploy.0 = Debug|Any CPU
		{4A36C9F1-7B56-470E-89E5-4AAB2B6ADE9E}.Release|Any CPU.ActiveCfg = Release|Any CPU
		{4A36C9F1-7B56-470E-89E5-4AAB2B6ADE9E}.Release|Any CPU.Build.0 = Release|Any CPU
		{4A36C9F1-7B56-470E-89E5-4AAB2B6ADE9E}.Release|Any CPU.Deploy.0 = Release|Any CPU
		{B382C4DD-5F1A-49D5-8F39-8995B7D07520}.Debug|Any CPU.ActiveCfg = Debug|Any CPU
		{B382C4DD-5F1A-49D5-8F39-8995B7D07520}.Debug|Any CPU.Build.0 = Debug|Any CPU
		{B382C4DD-5F1A-49D5-8F39-8995B7D07520}.Release|Any CPU.ActiveCfg = Release|Any CPU
		{B382C4DD-5F1A-49D5-8F39-8995B7D07520}.Release|Any CPU.Build.0 = Release|Any CPU
	EndGlobalSection
	GlobalSection(SolutionProperties) = preSolution
		HideSolutionNode = FALSE
	EndGlobalSection
	GlobalSection(ExtensibilityGlobals) = postSolution
		SolutionGuid = {738954C4-F6EB-4C53-8545-C2C00E44F6B2}
	EndGlobalSection
EndGlobal
